
Microsoft Visual Studio Solution File, Format Version 12.00
# Visual Studio 14
VisualStudioVersion = 14.0.25420.1
MinimumVisualStudioVersion = 10.0.40219.1
Project("{FAE04EC0-301F-11D3-BF4B-00C04F79EFBC}") = "HelixGen", "HelixGen.csproj", "{52E92313-C707-4E81-91F7-AA4C4C0E4ACA}"
EndProject
Global
	GlobalSection(SolutionConfigurationPlatforms) = preSolution
		Debug|Any CPU = Debug|Any CPU
		Release|Any CPU = Release|Any CPU
	EndGlobalSection
	GlobalSection(ProjectConfigurationPlatforms) = postSolution
		{52E92313-C707-4E81-91F7-AA4C4C0E4ACA}.Debug|Any CPU.ActiveCfg = Debug|Any CPU
		{52E92313-C707-4E81-91F7-AA4C4C0E4ACA}.Debug|Any CPU.Build.0 = Debug|Any CPU
		{52E92313-C707-4E81-91F7-AA4C4C0E4ACA}.Release|Any CPU.ActiveCfg = Release|Any CPU
		{52E92313-C707-4E81-91F7-AA4C4C0E4ACA}.Release|Any CPU.Build.0 = Release|Any CPU
	EndGlobalSection
	GlobalSection(SolutionProperties) = preSolution
		HideSolutionNode = FALSE
	EndGlobalSection
EndGlobal
